
Microsoft Visual Studio Solution File, Format Version 12.00
# Visual Studio Version 16
VisualStudioVersion = 16.0.31105.61
MinimumVisualStudioVersion = 10.0.40219.1
Project("{9A19103F-16F7-4668-BE54-9A1E7A4F7556}") = "FacuTheRock.Talks.Net.SystemClock.API", "FacuTheRock.Talks.Net.SystemClock.API\FacuTheRock.Talks.Net.SystemClock.API.csproj", "{DF6833B9-B5E3-4EA1-AD7B-7DEBBA35B60A}"
EndProject
Project("{FAE04EC0-301F-11D3-BF4B-00C04F79EFBC}") = "FacuTheRock.Talks.Net.SystemClock.Tests", "FacuTheRock.Talks.Net.SystemClock.Tests\FacuTheRock.Talks.Net.SystemClock.Tests.csproj", "{20520AA4-206D-432F-A053-277950EAAAAA}"
EndProject
Global
	GlobalSection(SolutionConfigurationPlatforms) = preSolution
		Debug|Any CPU = Debug|Any CPU
		Release|Any CPU = Release|Any CPU
	EndGlobalSection
	GlobalSection(ProjectConfigurationPlatforms) = postSolution
		{DF6833B9-B5E3-4EA1-AD7B-7DEBBA35B60A}.Debug|Any CPU.ActiveCfg = Debug|Any CPU
		{DF6833B9-B5E3-4EA1-AD7B-7DEBBA35B60A}.Debug|Any CPU.Build.0 = Debug|Any CPU
		{DF6833B9-B5E3-4EA1-AD7B-7DEBBA35B60A}.Release|Any CPU.ActiveCfg = Release|Any CPU
		{DF6833B9-B5E3-4EA1-AD7B-7DEBBA35B60A}.Release|Any CPU.Build.0 = Release|Any CPU
		{20520AA4-206D-432F-A053-277950EAAAAA}.Debug|Any CPU.ActiveCfg = Debug|Any CPU
		{20520AA4-206D-432F-A053-277950EAAAAA}.Debug|Any CPU.Build.0 = Debug|Any CPU
		{20520AA4-206D-432F-A053-277950EAAAAA}.Release|Any CPU.ActiveCfg = Release|Any CPU
		{20520AA4-206D-432F-A053-277950EAAAAA}.Release|Any CPU.Build.0 = Release|Any CPU
	EndGlobalSection
	GlobalSection(SolutionProperties) = preSolution
		HideSolutionNode = FALSE
	EndGlobalSection
	GlobalSection(ExtensibilityGlobals) = postSolution
		SolutionGuid = {F06B99A0-77C9-4237-83FC-FDBD1AD5387C}
	EndGlobalSection
EndGlobal
